
Microsoft Visual Studio Solution File, Format Version 12.00
# Visual Studio 14
VisualStudioVersion = 14.0.25420.1
MinimumVisualStudioVersion = 10.0.40219.1
Project("{FAE04EC0-301F-11D3-BF4B-00C04F79EFBC}") = "CPOS.DataAccess", "CPOS.DataAccess\CPOS.DataAccess.csproj", "{F0AF1737-CD2C-48AA-9F69-CCED383A2FDA}"
EndProject
Project("{FAE04EC0-301F-11D3-BF4B-00C04F79EFBC}") = "CPOS.Domain", "CPOS.Domain\CPOS.Domain.csproj", "{1021533B-5215-4797-87D6-D67E6B6B1114}"
EndProject
Project("{FAE04EC0-301F-11D3-BF4B-00C04F79EFBC}") = "CPOS.CommTools", "CPOS.CommTools\CPOS.CommTools.csproj", "{B067FA89-234E-4AAC-9725-3482265DE268}"
EndProject
Project("{FAE04EC0-301F-11D3-BF4B-00C04F79EFBC}") = "CPOS.Responsity", "CPOS.Responsity\CPOS.Responsity.csproj", "{35D89C37-A1C4-431F-A07A-208A9D76A281}"
EndProject
Project("{FAE04EC0-301F-11D3-BF4B-00C04F79EFBC}") = "CPOS.Model", "CPOS.Model\CPOS.Model.csproj", "{741AF502-52E4-4B16-AC58-95B8D32790EA}"
EndProject
Project("{FAE04EC0-301F-11D3-BF4B-00C04F79EFBC}") = "CPOS.DTO", "CPOS.DTO\CPOS.DTO.csproj", "{1569DE24-AFCF-4232-8C88-E7E671CF4A83}"
EndProject
Project("{FAE04EC0-301F-11D3-BF4B-00C04F79EFBC}") = "MainTest", "MainTest\MainTest.csproj", "{AD6A8347-5738-4411-98DA-8512DD3121D2}"
EndProject
Project("{FAE04EC0-301F-11D3-BF4B-00C04F79EFBC}") = "CPOS.BS.Web", "CPOS.BS.Web\CPOS.BS.Web.csproj", "{8A210BA2-8AD8-4E89-827B-15149D0ABED2}"
EndProject
Global
	GlobalSection(SolutionConfigurationPlatforms) = preSolution
		Debug|Any CPU = Debug|Any CPU
		Release|Any CPU = Release|Any CPU
	EndGlobalSection
	GlobalSection(ProjectConfigurationPlatforms) = postSolution
		{F0AF1737-CD2C-48AA-9F69-CCED383A2FDA}.Debug|Any CPU.ActiveCfg = Debug|Any CPU
		{F0AF1737-CD2C-48AA-9F69-CCED383A2FDA}.Debug|Any CPU.Build.0 = Debug|Any CPU
		{F0AF1737-CD2C-48AA-9F69-CCED383A2FDA}.Release|Any CPU.ActiveCfg = Release|Any CPU
		{F0AF1737-CD2C-48AA-9F69-CCED383A2FDA}.Release|Any CPU.Build.0 = Release|Any CPU
		{1021533B-5215-4797-87D6-D67E6B6B1114}.Debug|Any CPU.ActiveCfg = Debug|Any CPU
		{1021533B-5215-4797-87D6-D67E6B6B1114}.Debug|Any CPU.Build.0 = Debug|Any CPU
		{1021533B-5215-4797-87D6-D67E6B6B1114}.Release|Any CPU.ActiveCfg = Release|Any CPU
		{1021533B-5215-4797-87D6-D67E6B6B1114}.Release|Any CPU.Build.0 = Release|Any CPU
		{B067FA89-234E-4AAC-9725-3482265DE268}.Debug|Any CPU.ActiveCfg = Debug|Any CPU
		{B067FA89-234E-4AAC-9725-3482265DE268}.Debug|Any CPU.Build.0 = Debug|Any CPU
		{B067FA89-234E-4AAC-9725-3482265DE268}.Release|Any CPU.ActiveCfg = Release|Any CPU
		{B067FA89-234E-4AAC-9725-3482265DE268}.Release|Any CPU.Build.0 = Release|Any CPU
		{35D89C37-A1C4-431F-A07A-208A9D76A281}.Debug|Any CPU.ActiveCfg = Debug|Any CPU
		{35D89C37-A1C4-431F-A07A-208A9D76A281}.Debug|Any CPU.Build.0 = Debug|Any CPU
		{35D89C37-A1C4-431F-A07A-208A9D76A281}.Release|Any CPU.ActiveCfg = Release|Any CPU
		{35D89C37-A1C4-431F-A07A-208A9D76A281}.Release|Any CPU.Build.0 = Release|Any CPU
		{741AF502-52E4-4B16-AC58-95B8D32790EA}.Debug|Any CPU.ActiveCfg = Debug|Any CPU
		{741AF502-52E4-4B16-AC58-95B8D32790EA}.Debug|Any CPU.Build.0 = Debug|Any CPU
		{741AF502-52E4-4B16-AC58-95B8D32790EA}.Release|Any CPU.ActiveCfg = Release|Any CPU
		{741AF502-52E4-4B16-AC58-95B8D32790EA}.Release|Any CPU.Build.0 = Release|Any CPU
		{1569DE24-AFCF-4232-8C88-E7E671CF4A83}.Debug|Any CPU.ActiveCfg = Debug|Any CPU
		{1569DE24-AFCF-4232-8C88-E7E671CF4A83}.Debug|Any CPU.Build.0 = Debug|Any CPU
		{1569DE24-AFCF-4232-8C88-E7E671CF4A83}.Release|Any CPU.ActiveCfg = Release|Any CPU
		{1569DE24-AFCF-4232-8C88-E7E671CF4A83}.Release|Any CPU.Build.0 = Release|Any CPU
		{AD6A8347-5738-4411-98DA-8512DD3121D2}.Debug|Any CPU.ActiveCfg = Debug|Any CPU
		{AD6A8347-5738-4411-98DA-8512DD3121D2}.Debug|Any CPU.Build.0 = Debug|Any CPU
		{AD6A8347-5738-4411-98DA-8512DD3121D2}.Release|Any CPU.ActiveCfg = Release|Any CPU
		{AD6A8347-5738-4411-98DA-8512DD3121D2}.Release|Any CPU.Build.0 = Release|Any CPU
		{8A210BA2-8AD8-4E89-827B-15149D0ABED2}.Debug|Any CPU.ActiveCfg = Debug|Any CPU
		{8A210BA2-8AD8-4E89-827B-15149D0ABED2}.Debug|Any CPU.Build.0 = Debug|Any CPU
		{8A210BA2-8AD8-4E89-827B-15149D0ABED2}.Release|Any CPU.ActiveCfg = Release|Any CPU
		{8A210BA2-8AD8-4E89-827B-15149D0ABED2}.Release|Any CPU.Build.0 = Release|Any CPU
	EndGlobalSection
	GlobalSection(SolutionProperties) = preSolution
		HideSolutionNode = FALSE
	EndGlobalSection
EndGlobal
